
Microsoft Visual Studio Solution File, Format Version 12.00
# Visual Studio Version 16
VisualStudioVersion = 16.0.30804.86
MinimumVisualStudioVersion = 10.0.40219.1
Project("{9A19103F-16F7-4668-BE54-9A1E7A4F7556}") = "Codetur.Comum", "..\Codetur.Comum\Codetur.Comum\Codetur.Comum.csproj", "{3B48F60E-132A-4DCF-835C-088D2894B3D1}"
EndProject
Project("{9A19103F-16F7-4668-BE54-9A1E7A4F7556}") = "Codetur.Dominio", "..\Codetur.Dominio\Codetur.Dominio\Codetur.Dominio.csproj", "{97A5C3EE-41A2-4E1A-8C03-7276B04C70D9}"
EndProject
Project("{9A19103F-16F7-4668-BE54-9A1E7A4F7556}") = "Codetur.Testes", "Codetur.Testes\Codetur.Testes.csproj", "{C26CEB73-A7C4-4BEA-82FE-F81BB555B4B4}"
EndProject
Project("{9A19103F-16F7-4668-BE54-9A1E7A4F7556}") = "Codetur.Infra.Data", "Codetur.Infra.Data\Codetur.Infra.Data.csproj", "{61947D89-BE40-499D-B8F9-15B244992FD2}"
EndProject
Project("{FAE04EC0-301F-11D3-BF4B-00C04F79EFBC}") = "Codetur.Api", "Codetur.Api\Codetur.Api.csproj", "{C420C1D9-C8C2-4311-BF2C-EF181F4CA073}"
EndProject
Global
	GlobalSection(SolutionConfigurationPlatforms) = preSolution
		Debug|Any CPU = Debug|Any CPU
		Release|Any CPU = Release|Any CPU
	EndGlobalSection
	GlobalSection(ProjectConfigurationPlatforms) = postSolution
		{3B48F60E-132A-4DCF-835C-088D2894B3D1}.Debug|Any CPU.ActiveCfg = Debug|Any CPU
		{3B48F60E-132A-4DCF-835C-088D2894B3D1}.Debug|Any CPU.Build.0 = Debug|Any CPU
		{3B48F60E-132A-4DCF-835C-088D2894B3D1}.Release|Any CPU.ActiveCfg = Release|Any CPU
		{3B48F60E-132A-4DCF-835C-088D2894B3D1}.Release|Any CPU.Build.0 = Release|Any CPU
		{97A5C3EE-41A2-4E1A-8C03-7276B04C70D9}.Debug|Any CPU.ActiveCfg = Debug|Any CPU
		{97A5C3EE-41A2-4E1A-8C03-7276B04C70D9}.Debug|Any CPU.Build.0 = Debug|Any CPU
		{97A5C3EE-41A2-4E1A-8C03-7276B04C70D9}.Release|Any CPU.ActiveCfg = Release|Any CPU
		{97A5C3EE-41A2-4E1A-8C03-7276B04C70D9}.Release|Any CPU.Build.0 = Release|Any CPU
		{C26CEB73-A7C4-4BEA-82FE-F81BB555B4B4}.Debug|Any CPU.ActiveCfg = Debug|Any CPU
		{C26CEB73-A7C4-4BEA-82FE-F81BB555B4B4}.Debug|Any CPU.Build.0 = Debug|Any CPU
		{C26CEB73-A7C4-4BEA-82FE-F81BB555B4B4}.Release|Any CPU.ActiveCfg = Release|Any CPU
		{C26CEB73-A7C4-4BEA-82FE-F81BB555B4B4}.Release|Any CPU.Build.0 = Release|Any CPU
		{61947D89-BE40-499D-B8F9-15B244992FD2}.Debug|Any CPU.ActiveCfg = Debug|Any CPU
		{61947D89-BE40-499D-B8F9-15B244992FD2}.Debug|Any CPU.Build.0 = Debug|Any CPU
		{61947D89-BE40-499D-B8F9-15B244992FD2}.Release|Any CPU.ActiveCfg = Release|Any CPU
		{61947D89-BE40-499D-B8F9-15B244992FD2}.Release|Any CPU.Build.0 = Release|Any CPU
		{C420C1D9-C8C2-4311-BF2C-EF181F4CA073}.Debug|Any CPU.ActiveCfg = Debug|Any CPU
		{C420C1D9-C8C2-4311-BF2C-EF181F4CA073}.Debug|Any CPU.Build.0 = Debug|Any CPU
		{C420C1D9-C8C2-4311-BF2C-EF181F4CA073}.Release|Any CPU.ActiveCfg = Release|Any CPU
		{C420C1D9-C8C2-4311-BF2C-EF181F4CA073}.Release|Any CPU.Build.0 = Release|Any CPU
	EndGlobalSection
	GlobalSection(SolutionProperties) = preSolution
		HideSolutionNode = FALSE
	EndGlobalSection
	GlobalSection(ExtensibilityGlobals) = postSolution
		SolutionGuid = {8FA486C0-AE51-4293-ADC0-586BD70EED56}
	EndGlobalSection
EndGlobal
