
Microsoft Visual Studio Solution File, Format Version 12.00
# Visual Studio Version 16
VisualStudioVersion = 16.0.30804.86
MinimumVisualStudioVersion = 10.0.40219.1
Project("{FAE04EC0-301F-11D3-BF4B-00C04F79EFBC}") = "Codetur.Comum", "Codetur.Comum\Codetur.Comum.csproj", "{C1EEF369-90B1-4F63-8127-FC1A46173F49}"
EndProject
Global
	GlobalSection(SolutionConfigurationPlatforms) = preSolution
		Debug|Any CPU = Debug|Any CPU
		Release|Any CPU = Release|Any CPU
	EndGlobalSection
	GlobalSection(ProjectConfigurationPlatforms) = postSolution
		{C1EEF369-90B1-4F63-8127-FC1A46173F49}.Debug|Any CPU.ActiveCfg = Debug|Any CPU
		{C1EEF369-90B1-4F63-8127-FC1A46173F49}.Debug|Any CPU.Build.0 = Debug|Any CPU
		{C1EEF369-90B1-4F63-8127-FC1A46173F49}.Release|Any CPU.ActiveCfg = Release|Any CPU
		{C1EEF369-90B1-4F63-8127-FC1A46173F49}.Release|Any CPU.Build.0 = Release|Any CPU
	EndGlobalSection
	GlobalSection(SolutionProperties) = preSolution
		HideSolutionNode = FALSE
	EndGlobalSection
	GlobalSection(ExtensibilityGlobals) = postSolution
		SolutionGuid = {459BDEA4-CB85-45D1-A83A-DD4A63898928}
	EndGlobalSection
EndGlobal
